
Microsoft Visual Studio Solution File, Format Version 12.00
# Visual Studio Version 17
VisualStudioVersion = 17.4.33205.214
MinimumVisualStudioVersion = 10.0.40219.1
Project("{9A19103F-16F7-4668-BE54-9A1E7A4F7556}") = "WebAPI", "WebAPI\WebAPI.csproj", "{3E0418ED-F367-456C-9205-57FCD6298F5B}"
EndProject
Project("{9A19103F-16F7-4668-BE54-9A1E7A4F7556}") = "Infrastructure", "Infrastructure\Infrastructure.csproj", "{32275787-192C-45E7-B23E-D868D81A243E}"
EndProject
Project("{9A19103F-16F7-4668-BE54-9A1E7A4F7556}") = "ApplicationCore", "ApplicationCore\ApplicationCore.csproj", "{1028E89A-A442-41F4-A33A-915A79456EEF}"
EndProject
Global
	GlobalSection(SolutionConfigurationPlatforms) = preSolution
		Debug|Any CPU = Debug|Any CPU
		Release|Any CPU = Release|Any CPU
	EndGlobalSection
	GlobalSection(ProjectConfigurationPlatforms) = postSolution
		{3E0418ED-F367-456C-9205-57FCD6298F5B}.Debug|Any CPU.ActiveCfg = Debug|Any CPU
		{3E0418ED-F367-456C-9205-57FCD6298F5B}.Debug|Any CPU.Build.0 = Debug|Any CPU
		{3E0418ED-F367-456C-9205-57FCD6298F5B}.Release|Any CPU.ActiveCfg = Release|Any CPU
		{3E0418ED-F367-456C-9205-57FCD6298F5B}.Release|Any CPU.Build.0 = Release|Any CPU
		{32275787-192C-45E7-B23E-D868D81A243E}.Debug|Any CPU.ActiveCfg = Debug|Any CPU
		{32275787-192C-45E7-B23E-D868D81A243E}.Debug|Any CPU.Build.0 = Debug|Any CPU
		{32275787-192C-45E7-B23E-D868D81A243E}.Release|Any CPU.ActiveCfg = Release|Any CPU
		{32275787-192C-45E7-B23E-D868D81A243E}.Release|Any CPU.Build.0 = Release|Any CPU
		{1028E89A-A442-41F4-A33A-915A79456EEF}.Debug|Any CPU.ActiveCfg = Debug|Any CPU
		{1028E89A-A442-41F4-A33A-915A79456EEF}.Debug|Any CPU.Build.0 = Debug|Any CPU
		{1028E89A-A442-41F4-A33A-915A79456EEF}.Release|Any CPU.ActiveCfg = Release|Any CPU
		{1028E89A-A442-41F4-A33A-915A79456EEF}.Release|Any CPU.Build.0 = Release|Any CPU
	EndGlobalSection
	GlobalSection(SolutionProperties) = preSolution
		HideSolutionNode = FALSE
	EndGlobalSection
	GlobalSection(ExtensibilityGlobals) = postSolution
		SolutionGuid = {CF1A3007-4760-4376-93FB-99D805BE628F}
	EndGlobalSection
EndGlobal
